
Microsoft Visual Studio Solution File, Format Version 12.00
# Visual Studio 15
VisualStudioVersion = 15.0.28307.106
MinimumVisualStudioVersion = 10.0.40219.1
Project("{2150E333-8FDC-42A3-9474-1A3956D46DE8}") = "입출력문제", "입출력문제", "{AA68CC31-A38C-4016-871C-0DD79D58A35B}"
	ProjectSection(SolutionItems) = preProject
		입출력문제\1000_boj.cpp = 입출력문제\1000_boj.cpp
		입출력문제\10950_boj.cpp = 입출력문제\10950_boj.cpp
		입출력문제\10951_boj.cpp = 입출력문제\10951_boj.cpp
		입출력문제\10952_boj.cpp = 입출력문제\10952_boj.cpp
		입출력문제\10953_boj.cpp = 입출력문제\10953_boj.cpp
		입출력문제\11021_boj.cpp = 입출력문제\11021_boj.cpp
		입출력문제\11022_boj.cpp = 입출력문제\11022_boj.cpp
		입출력문제\11718_boj.cpp = 입출력문제\11718_boj.cpp
		입출력문제\11719_boj.cpp = 입출력문제\11719_boj.cpp
		입출력문제\11720_boj.cpp = 입출력문제\11720_boj.cpp
		입출력문제\11721_boj.cpp = 입출력문제\11721_boj.cpp
		입출력문제\2558_boj.cpp = 입출력문제\2558_boj.cpp
	EndProjectSection
EndProject
Global
	GlobalSection(SolutionConfigurationPlatforms) = preSolution
		Debug|x64 = Debug|x64
		Debug|x86 = Debug|x86
		Release|x64 = Release|x64
		Release|x86 = Release|x86
	EndGlobalSection
	GlobalSection(SolutionProperties) = preSolution
		HideSolutionNode = FALSE
	EndGlobalSection
	GlobalSection(ExtensibilityGlobals) = postSolution
		SolutionGuid = {E6685842-45B1-4525-A0DD-DEE9215EF7D8}
	EndGlobalSection
EndGlobal
