
Microsoft Visual Studio Solution File, Format Version 12.00
# Visual Studio 15
VisualStudioVersion = 15.0.28307.106
MinimumVisualStudioVersion = 10.0.40219.1
Project("{2150E333-8FDC-42A3-9474-1A3956D46DE8}") = "입출력문제", "입출력문제", "{AA68CC31-A38C-4016-871C-0DD79D58A35B}"
	ProjectSection(SolutionItems) = preProject
		입출력문제\1000_boj.cpp = 입출력문제\1000_boj.cpp
		입출력문제\10950_boj.cpp = 입출력문제\10950_boj.cpp
		입출력문제\10951_boj.cpp = 입출력문제\10951_boj.cpp
		입출력문제\10952_boj.cpp = 입출력문제\10952_boj.cpp
		입출력문제\10953_boj.cpp = 입출력문제\10953_boj.cpp
		입출력문제\11021_boj.cpp = 입출력문제\11021_boj.cpp
		입출력문제\11022_boj.cpp = 입출력문제\11022_boj.cpp
		입출력문제\11718_boj.cpp = 입출력문제\11718_boj.cpp
		입출력문제\11719_boj.cpp = 입출력문제\11719_boj.cpp
		입출력문제\11720_boj.cpp = 입출력문제\11720_boj.cpp
		입출력문제\11721_boj.cpp = 입출력문제\11721_boj.cpp
		stl\2178_boj.cpp = stl\2178_boj.cpp
		2439_boj.cpp = 2439_boj.cpp
		stl\test.cpp = stl\test.cpp
	EndProjectSection
EndProject
Project("{2150E333-8FDC-42A3-9474-1A3956D46DE8}") = "연습장", "연습장", "{3C119D6F-A5D3-43C6-BFFB-DFBCECCAD8AA}"
EndProject
Project("{8BC9CEB8-8B4A-11D0-8D11-00A0C91BC942}") = "practice", "stl\stl.vcxproj", "{F229AA4B-CCE2-4EC4-BBF2-227978DABCA4}"
EndProject
Project("{2150E333-8FDC-42A3-9474-1A3956D46DE8}") = "기초알고리즘", "기초알고리즘", "{1152509E-DF1A-4450-9ED9-6C7EF4DC78D0}"
	ProjectSection(SolutionItems) = preProject
		stl\10844_boj(쉬운계단수dp).cpp = stl\10844_boj(쉬운계단수dp).cpp
		stl\11005_boj(2진수).cpp = stl\11005_boj(2진수).cpp
		stl\1158_boj.cpp = stl\1158_boj.cpp
		stl\11726_boj(dp문제타일).cpp = stl\11726_boj(dp문제타일).cpp
		stl\1463_boj(1로나누기).cpp = stl\1463_boj(1로나누기).cpp
		15988_boj_123더하기.cpp = 15988_boj_123더하기.cpp
		stl\2193_boj(이친수dp).cpp = stl\2193_boj(이친수dp).cpp
		stl\2908_boj.cpp = stl\2908_boj.cpp
		stl\9613_boj(gcd).cpp = stl\9613_boj(gcd).cpp
		stl\baekman.cpp = stl\baekman.cpp
		stl\bakman2.cpp = stl\bakman2.cpp
		stl\boj_11052(카드 구매하기dp).cpp = stl\boj_11052(카드 구매하기dp).cpp
		codeforce_div3_A.cpp = codeforce_div3_A.cpp
		stl\encoding.cpp = stl\encoding.cpp
		stl\stl.cpp = stl\stl.cpp
	EndProjectSection
EndProject
Project("{2150E333-8FDC-42A3-9474-1A3956D46DE8}") = "창의적알고리즘(중급)", "창의적알고리즘(중급)", "{F33FDE44-74B7-4C46-BB58-1E54B8E5D3EC}"
	ProjectSection(SolutionItems) = preProject
		stl\10971_boj(오답).cpp = stl\10971_boj(오답).cpp
		stl\2501_boj.cpp = stl\2501_boj.cpp
		입출력문제\2558_boj.cpp = 입출력문제\2558_boj.cpp
		stl\2566_boj.cpp = stl\2566_boj.cpp
		stl\2615_boj.cpp = stl\2615_boj.cpp
		stl\2636_boj(치즈_푸는중).cpp = stl\2636_boj(치즈_푸는중).cpp
		2667_boj.cpp = 2667_boj.cpp
		stl\cheeze_solution.cpp = stl\cheeze_solution.cpp
		stl\MinimunSum.cpp = stl\MinimunSum.cpp
		stl\고기잡이L.cpp = stl\고기잡이L.cpp
		stl\고기잡이s.cpp = stl\고기잡이s.cpp
		stl\리모컨.cpp = stl\리모컨.cpp
		stl\연구활동가는길(오답).cpp = stl\연구활동가는길(오답).cpp
		stl\연구활동가는길(정답_인접행렬).cpp = stl\연구활동가는길(정답_인접행렬).cpp
		stl\오른편절편소수(다시해볼것).cpp = stl\오른편절편소수(다시해볼것).cpp
		stl\크로아티아알파벳.cpp = stl\크로아티아알파벳.cpp
		stl\토너먼트.cpp = stl\토너먼트.cpp
	EndProjectSection
EndProject
Project("{2150E333-8FDC-42A3-9474-1A3956D46DE8}") = "stl모음", "stl모음", "{4C8352CB-4F78-4750-8B14-215D5214F118}"
	ProjectSection(SolutionItems) = preProject
		stl\STL_count.cpp = stl\STL_count.cpp
		STL_fill.cpp = STL_fill.cpp
		STL_find.cpp = STL_find.cpp
		STL_rotate_reverse.cpp = STL_rotate_reverse.cpp
	EndProjectSection
EndProject
Project("{2150E333-8FDC-42A3-9474-1A3956D46DE8}") = "알고리즘 문제해결전략", "알고리즘 문제해결전략", "{DA9181B7-7A7F-489B-B63C-B086137CD7B3}"
	ProjectSection(SolutionItems) = preProject
		picnic.cpp = picnic.cpp
	EndProjectSection
EndProject
Global
	GlobalSection(SolutionConfigurationPlatforms) = preSolution
		Debug|x64 = Debug|x64
		Debug|x86 = Debug|x86
		Release|x64 = Release|x64
		Release|x86 = Release|x86
	EndGlobalSection
	GlobalSection(ProjectConfigurationPlatforms) = postSolution
		{F229AA4B-CCE2-4EC4-BBF2-227978DABCA4}.Debug|x64.ActiveCfg = Debug|x64
		{F229AA4B-CCE2-4EC4-BBF2-227978DABCA4}.Debug|x64.Build.0 = Debug|x64
		{F229AA4B-CCE2-4EC4-BBF2-227978DABCA4}.Debug|x86.ActiveCfg = Debug|Win32
		{F229AA4B-CCE2-4EC4-BBF2-227978DABCA4}.Debug|x86.Build.0 = Debug|Win32
		{F229AA4B-CCE2-4EC4-BBF2-227978DABCA4}.Release|x64.ActiveCfg = Release|x64
		{F229AA4B-CCE2-4EC4-BBF2-227978DABCA4}.Release|x64.Build.0 = Release|x64
		{F229AA4B-CCE2-4EC4-BBF2-227978DABCA4}.Release|x86.ActiveCfg = Release|Win32
		{F229AA4B-CCE2-4EC4-BBF2-227978DABCA4}.Release|x86.Build.0 = Release|Win32
	EndGlobalSection
	GlobalSection(SolutionProperties) = preSolution
		HideSolutionNode = FALSE
	EndGlobalSection
	GlobalSection(NestedProjects) = preSolution
		{F229AA4B-CCE2-4EC4-BBF2-227978DABCA4} = {3C119D6F-A5D3-43C6-BFFB-DFBCECCAD8AA}
	EndGlobalSection
	GlobalSection(ExtensibilityGlobals) = postSolution
		SolutionGuid = {E6685842-45B1-4525-A0DD-DEE9215EF7D8}
	EndGlobalSection
EndGlobal
